{
  "version": 4,
  "terraform_version": "1.4.0",
  "serial": 38,
  "lineage": "4b6dbf3e-0b99-875a-b65f-183fe0f6c691",
  "outputs": {},
  "resources": [
    {
      "mode": "managed",
      "type": "azurerm_databricks_workspace",
      "name": "tfworkspace",
      "provider": "provider[\"registry.terraform.io/hashicorp/azurerm\"]",
      "instances": [
        {
          "schema_version": 0,
          "attributes": {
            "custom_parameters": [
              {
                "machine_learning_workspace_id": "",
                "nat_gateway_name": "nat-gateway",
                "no_public_ip": false,
                "private_subnet_name": "",
                "private_subnet_network_security_group_association_id": "",
                "public_ip_name": "nat-gw-public-ip",
                "public_subnet_name": "",
                "public_subnet_network_security_group_association_id": "",
                "storage_account_name": "dbstoragejp54ya4lvfbok",
                "storage_account_sku_name": "Standard_GRS",
                "virtual_network_id": "",
                "vnet_address_prefix": "10.139"
              }
            ],
            "customer_managed_key_enabled": false,
            "disk_encryption_set_id": null,
            "id": "/subscriptions/1fa1a9c3-81cd-48df-a881-db0ab03578f0/resourceGroups/tfrg/providers/Microsoft.Databricks/workspaces/tfdatabricks-2",
            "infrastructure_encryption_enabled": false,
            "load_balancer_backend_address_pool_id": "",
            "location": "centralindia",
            "managed_disk_cmk_key_vault_key_id": null,
            "managed_disk_cmk_rotation_to_latest_version_enabled": null,
            "managed_disk_identity": [],
            "managed_resource_group_id": "/subscriptions/1fa1a9c3-81cd-48df-a881-db0ab03578f0/resourceGroups/databricks-rg-tfrg",
            "managed_resource_group_name": "databricks-rg-tfrg",
            "managed_services_cmk_key_vault_key_id": null,
            "name": "tfdatabricks-2",
            "network_security_group_rules_required": null,
            "public_network_access_enabled": true,
            "resource_group_name": "tfrg",
            "sku": "standard",
            "storage_account_identity": [],
            "tags": null,
            "timeouts": null,
            "workspace_id": "4858374766336615",
            "workspace_url": "adb-4858374766336615.15.azuredatabricks.net"
          },
          "sensitive_attributes": [],
          "private": "eyJlMmJmYjczMC1lY2FhLTExZTYtOGY4OC0zNDM2M2JjN2M0YzAiOnsiY3JlYXRlIjoxODAwMDAwMDAwMDAwLCJkZWxldGUiOjE4MDAwMDAwMDAwMDAsInJlYWQiOjMwMDAwMDAwMDAwMCwidXBkYXRlIjoxODAwMDAwMDAwMDAwfX0=",
          "dependencies": [
            "azurerm_resource_group.azure-resource"
          ]
        }
      ]
    },
    {
      "mode": "managed",
      "type": "azurerm_resource_group",
      "name": "azure-resource",
      "provider": "provider[\"registry.terraform.io/hashicorp/azurerm\"]",
      "instances": [
        {
          "schema_version": 0,
          "attributes": {
            "id": "/subscriptions/1fa1a9c3-81cd-48df-a881-db0ab03578f0/resourceGroups/tfrg",
            "location": "centralindia",
            "name": "tfrg",
            "tags": {},
            "timeouts": null
          },
          "sensitive_attributes": [],
          "private": "eyJlMmJmYjczMC1lY2FhLTExZTYtOGY4OC0zNDM2M2JjN2M0YzAiOnsiY3JlYXRlIjo1NDAwMDAwMDAwMDAwLCJkZWxldGUiOjU0MDAwMDAwMDAwMDAsInJlYWQiOjMwMDAwMDAwMDAwMCwidXBkYXRlIjo1NDAwMDAwMDAwMDAwfX0="
        }
      ]
    },
    {
      "mode": "managed",
      "type": "azurerm_storage_account",
      "name": "tfstorage1",
      "provider": "provider[\"registry.terraform.io/hashicorp/azurerm\"]",
      "instances": [
        {
          "schema_version": 3,
          "attributes": {
            "access_tier": "Hot",
            "account_kind": "StorageV2",
            "account_replication_type": "LRS",
            "account_tier": "Standard",
            "allow_nested_items_to_be_public": true,
            "allowed_copy_scope": "",
            "azure_files_authentication": [],
            "blob_properties": [
              {
                "change_feed_enabled": false,
                "change_feed_retention_in_days": 0,
                "container_delete_retention_policy": [],
                "cors_rule": [],
                "default_service_version": "",
                "delete_retention_policy": [],
                "last_access_time_enabled": false,
                "restore_policy": [],
                "versioning_enabled": false
              }
            ],
            "cross_tenant_replication_enabled": true,
            "custom_domain": [],
            "customer_managed_key": [],
            "default_to_oauth_authentication": false,
            "edge_zone": "",
            "enable_https_traffic_only": true,
            "id": "/subscriptions/1fa1a9c3-81cd-48df-a881-db0ab03578f0/resourceGroups/tfrg/providers/Microsoft.Storage/storageAccounts/newtfstorage",
            "identity": [],
            "immutability_policy": [],
            "infrastructure_encryption_enabled": false,
            "is_hns_enabled": false,
            "large_file_share_enabled": null,
            "location": "centralindia",
            "min_tls_version": "TLS1_2",
            "name": "newtfstorage",
            "network_rules": [
              {
                "bypass": [
                  "AzureServices"
                ],
                "default_action": "Allow",
                "ip_rules": [],
                "private_link_access": [],
                "virtual_network_subnet_ids": []
              }
            ],
            "nfsv3_enabled": false,
            "primary_access_key": "UwbeESw2spTH7yM1JLdGP6MVpiftdvdGLgYK6jvH2GbM1WOXS2UiqyIpR0wWjFe9UWbl8c4JqHvB+AStXoiyrQ==",
            "primary_blob_connection_string": "DefaultEndpointsProtocol=https;BlobEndpoint=https://newtfstorage.blob.core.windows.net/;AccountName=newtfstorage;AccountKey=UwbeESw2spTH7yM1JLdGP6MVpiftdvdGLgYK6jvH2GbM1WOXS2UiqyIpR0wWjFe9UWbl8c4JqHvB+AStXoiyrQ==",
            "primary_blob_endpoint": "https://newtfstorage.blob.core.windows.net/",
            "primary_blob_host": "newtfstorage.blob.core.windows.net",
            "primary_connection_string": "DefaultEndpointsProtocol=https;AccountName=newtfstorage;AccountKey=UwbeESw2spTH7yM1JLdGP6MVpiftdvdGLgYK6jvH2GbM1WOXS2UiqyIpR0wWjFe9UWbl8c4JqHvB+AStXoiyrQ==;EndpointSuffix=core.windows.net",
            "primary_dfs_endpoint": "https://newtfstorage.dfs.core.windows.net/",
            "primary_dfs_host": "newtfstorage.dfs.core.windows.net",
            "primary_file_endpoint": "https://newtfstorage.file.core.windows.net/",
            "primary_file_host": "newtfstorage.file.core.windows.net",
            "primary_location": "centralindia",
            "primary_queue_endpoint": "https://newtfstorage.queue.core.windows.net/",
            "primary_queue_host": "newtfstorage.queue.core.windows.net",
            "primary_table_endpoint": "https://newtfstorage.table.core.windows.net/",
            "primary_table_host": "newtfstorage.table.core.windows.net",
            "primary_web_endpoint": "https://newtfstorage.z29.web.core.windows.net/",
            "primary_web_host": "newtfstorage.z29.web.core.windows.net",
            "public_network_access_enabled": true,
            "queue_encryption_key_type": "Service",
            "queue_properties": [
              {
                "cors_rule": [],
                "hour_metrics": [
                  {
                    "enabled": true,
                    "include_apis": true,
                    "retention_policy_days": 7,
                    "version": "1.0"
                  }
                ],
                "logging": [
                  {
                    "delete": false,
                    "read": false,
                    "retention_policy_days": 0,
                    "version": "1.0",
                    "write": false
                  }
                ],
                "minute_metrics": [
                  {
                    "enabled": false,
                    "include_apis": false,
                    "retention_policy_days": 0,
                    "version": "1.0"
                  }
                ]
              }
            ],
            "resource_group_name": "tfrg",
            "routing": [],
            "sas_policy": [],
            "secondary_access_key": "EAPOR2m9oV6YCXtgGPDT5hYA8aZ/zQ1xksLgFpgpM+aM2o14ou11xO4jKostJytN9yzaUvsVNwZM+AStiLAjug==",
            "secondary_blob_connection_string": "",
            "secondary_blob_endpoint": null,
            "secondary_blob_host": null,
            "secondary_connection_string": "DefaultEndpointsProtocol=https;AccountName=newtfstorage;AccountKey=EAPOR2m9oV6YCXtgGPDT5hYA8aZ/zQ1xksLgFpgpM+aM2o14ou11xO4jKostJytN9yzaUvsVNwZM+AStiLAjug==;EndpointSuffix=core.windows.net",
            "secondary_dfs_endpoint": null,
            "secondary_dfs_host": null,
            "secondary_file_endpoint": null,
            "secondary_file_host": null,
            "secondary_location": "",
            "secondary_queue_endpoint": null,
            "secondary_queue_host": null,
            "secondary_table_endpoint": null,
            "secondary_table_host": null,
            "secondary_web_endpoint": null,
            "secondary_web_host": null,
            "sftp_enabled": false,
            "share_properties": [
              {
                "cors_rule": [],
                "retention_policy": [
                  {
                    "days": 7
                  }
                ],
                "smb": []
              }
            ],
            "shared_access_key_enabled": true,
            "static_website": [],
            "table_encryption_key_type": "Service",
            "tags": {},
            "timeouts": null
          },
          "sensitive_attributes": [],
          "private": "eyJlMmJmYjczMC1lY2FhLTExZTYtOGY4OC0zNDM2M2JjN2M0YzAiOnsiY3JlYXRlIjozNjAwMDAwMDAwMDAwLCJkZWxldGUiOjM2MDAwMDAwMDAwMDAsInJlYWQiOjMwMDAwMDAwMDAwMCwidXBkYXRlIjozNjAwMDAwMDAwMDAwfSwic2NoZW1hX3ZlcnNpb24iOiIzIn0=",
          "dependencies": [
            "azurerm_resource_group.azure-resource"
          ]
        }
      ]
    },
    {
      "mode": "managed",
      "type": "azurerm_storage_blob",
      "name": "tfblob",
      "provider": "provider[\"registry.terraform.io/hashicorp/azurerm\"]",
      "instances": [
        {
          "schema_version": 1,
          "attributes": {
            "access_tier": "Hot",
            "cache_control": "",
            "content_md5": "",
            "content_type": "application/octet-stream",
            "id": "https://newtfstorage.blob.core.windows.net/input/blobfile",
            "metadata": {},
            "name": "blobfile",
            "parallelism": 8,
            "size": 0,
            "source": null,
            "source_content": null,
            "source_uri": null,
            "storage_account_name": "newtfstorage",
            "storage_container_name": "input",
            "timeouts": null,
            "type": "Block",
            "url": "https://newtfstorage.blob.core.windows.net/input/blobfile"
          },
          "sensitive_attributes": [],
          "private": "eyJlMmJmYjczMC1lY2FhLTExZTYtOGY4OC0zNDM2M2JjN2M0YzAiOnsiY3JlYXRlIjoxODAwMDAwMDAwMDAwLCJkZWxldGUiOjE4MDAwMDAwMDAwMDAsInJlYWQiOjMwMDAwMDAwMDAwMCwidXBkYXRlIjoxODAwMDAwMDAwMDAwfSwic2NoZW1hX3ZlcnNpb24iOiIxIn0=",
          "dependencies": [
            "azurerm_resource_group.azure-resource",
            "azurerm_storage_account.tfstorage1",
            "azurerm_storage_container.tfcontainer"
          ]
        }
      ]
    },
    {
      "mode": "managed",
      "type": "azurerm_storage_container",
      "name": "tfcontainer",
      "provider": "provider[\"registry.terraform.io/hashicorp/azurerm\"]",
      "instances": [
        {
          "schema_version": 1,
          "attributes": {
            "container_access_type": "private",
            "has_immutability_policy": false,
            "has_legal_hold": false,
            "id": "https://newtfstorage.blob.core.windows.net/input",
            "metadata": {},
            "name": "input",
            "resource_manager_id": "/subscriptions/1fa1a9c3-81cd-48df-a881-db0ab03578f0/resourceGroups/tfrg/providers/Microsoft.Storage/storageAccounts/newtfstorage/blobServices/default/containers/input",
            "storage_account_name": "newtfstorage",
            "timeouts": null
          },
          "sensitive_attributes": [],
          "private": "eyJlMmJmYjczMC1lY2FhLTExZTYtOGY4OC0zNDM2M2JjN2M0YzAiOnsiY3JlYXRlIjoxODAwMDAwMDAwMDAwLCJkZWxldGUiOjE4MDAwMDAwMDAwMDAsInJlYWQiOjMwMDAwMDAwMDAwMCwidXBkYXRlIjoxODAwMDAwMDAwMDAwfSwic2NoZW1hX3ZlcnNpb24iOiIxIn0=",
          "dependencies": [
            "azurerm_resource_group.azure-resource",
            "azurerm_storage_account.tfstorage1"
          ]
        }
      ]
    },
    {
      "mode": "managed",
      "type": "github_repository",
      "name": "terraform-first",
      "provider": "provider[\"registry.terraform.io/hashicorp/github\"]",
      "instances": [
        {
          "schema_version": 1,
          "attributes": {
            "allow_auto_merge": false,
            "allow_merge_commit": true,
            "allow_rebase_merge": true,
            "allow_squash_merge": true,
            "allow_update_branch": false,
            "archive_on_destroy": null,
            "archived": false,
            "auto_init": true,
            "default_branch": "main",
            "delete_branch_on_merge": false,
            "description": "",
            "etag": "W/\"7216ba69f36e22093b1d0535e7b382824454daecc372c15a575179f3757827c2\"",
            "full_name": "Dhruvil8920/first-terraform",
            "git_clone_url": "git://github.com/Dhruvil8920/first-terraform.git",
            "gitignore_template": null,
            "has_discussions": false,
            "has_downloads": false,
            "has_issues": false,
            "has_projects": false,
            "has_wiki": false,
            "homepage_url": "",
            "html_url": "https://github.com/Dhruvil8920/first-terraform",
            "http_clone_url": "https://github.com/Dhruvil8920/first-terraform.git",
            "id": "first-terraform",
            "ignore_vulnerability_alerts_during_read": null,
            "is_template": false,
            "license_template": null,
            "merge_commit_message": "PR_TITLE",
            "merge_commit_title": "MERGE_MESSAGE",
            "name": "first-terraform",
            "node_id": "R_kgDOJJaFeg",
            "pages": [],
            "private": false,
            "repo_id": 613844346,
            "security_and_analysis": [
              {
                "advanced_security": [],
                "secret_scanning": [
                  {
                    "status": "disabled"
                  }
                ],
                "secret_scanning_push_protection": [
                  {
                    "status": "disabled"
                  }
                ]
              }
            ],
            "squash_merge_commit_message": "COMMIT_MESSAGES",
            "squash_merge_commit_title": "COMMIT_OR_PR_TITLE",
            "ssh_clone_url": "git@github.com:Dhruvil8920/first-terraform.git",
            "svn_url": "https://github.com/Dhruvil8920/first-terraform",
            "template": [],
            "topics": [],
            "visibility": "public",
            "vulnerability_alerts": false
          },
          "sensitive_attributes": [],
          "private": "eyJzY2hlbWFfdmVyc2lvbiI6IjEifQ=="
        }
      ]
    }
  ],
  "check_results": null
}
